
Microsoft Visual Studio Solution File, Format Version 12.00
# Visual Studio 15
VisualStudioVersion = 15.0.27703.2042
MinimumVisualStudioVersion = 10.0.40219.1
Project("{FAE04EC0-301F-11D3-BF4B-00C04F79EFBC}") = "LoginAppSample", "LoginAppSample\LoginAppSample\LoginAppSample.csproj", "{E45653E4-7B3F-4BC5-B6E9-3AB2571D39F4}"
EndProject
Project("{FAE04EC0-301F-11D3-BF4B-00C04F79EFBC}") = "LoginAppSample.Android", "LoginAppSample\LoginAppSample.Android\LoginAppSample.Android.csproj", "{C176908E-88D2-4EB1-91F7-8C6205F31B63}"
EndProject
Project("{FAE04EC0-301F-11D3-BF4B-00C04F79EFBC}") = "LoginAppSample.IOS", "LoginAppSample\LoginAppSample.IOS\LoginAppSample.IOS.csproj", "{183B0789-E939-4FB4-9D91-BE302DBA035F}"
EndProject
Project("{FAE04EC0-301F-11D3-BF4B-00C04F79EFBC}") = "LoginAppSample.UWP", "LoginAppSample\LoginAppSample.UWP\LoginAppSample.UWP.csproj", "{14E858DB-3522-4D6B-961E-DCDD34C20199}"
EndProject
Global
	GlobalSection(SolutionConfigurationPlatforms) = preSolution
		Ad-Hoc|Any CPU = Ad-Hoc|Any CPU
		Ad-Hoc|ARM = Ad-Hoc|ARM
		Ad-Hoc|iPhone = Ad-Hoc|iPhone
		Ad-Hoc|iPhoneSimulator = Ad-Hoc|iPhoneSimulator
		Ad-Hoc|x64 = Ad-Hoc|x64
		Ad-Hoc|x86 = Ad-Hoc|x86
		AppStore|Any CPU = AppStore|Any CPU
		AppStore|ARM = AppStore|ARM
		AppStore|iPhone = AppStore|iPhone
		AppStore|iPhoneSimulator = AppStore|iPhoneSimulator
		AppStore|x64 = AppStore|x64
		AppStore|x86 = AppStore|x86
		Debug|Any CPU = Debug|Any CPU
		Debug|ARM = Debug|ARM
		Debug|iPhone = Debug|iPhone
		Debug|iPhoneSimulator = Debug|iPhoneSimulator
		Debug|x64 = Debug|x64
		Debug|x86 = Debug|x86
		Release|Any CPU = Release|Any CPU
		Release|ARM = Release|ARM
		Release|iPhone = Release|iPhone
		Release|iPhoneSimulator = Release|iPhoneSimulator
		Release|x64 = Release|x64
		Release|x86 = Release|x86
	EndGlobalSection
	GlobalSection(ProjectConfigurationPlatforms) = postSolution
		{E45653E4-7B3F-4BC5-B6E9-3AB2571D39F4}.Ad-Hoc|Any CPU.ActiveCfg = Debug|Any CPU
		{E45653E4-7B3F-4BC5-B6E9-3AB2571D39F4}.Ad-Hoc|Any CPU.Build.0 = Debug|Any CPU
		{E45653E4-7B3F-4BC5-B6E9-3AB2571D39F4}.Ad-Hoc|ARM.ActiveCfg = Debug|Any CPU
		{E45653E4-7B3F-4BC5-B6E9-3AB2571D39F4}.Ad-Hoc|ARM.Build.0 = Debug|Any CPU
		{E45653E4-7B3F-4BC5-B6E9-3AB2571D39F4}.Ad-Hoc|iPhone.ActiveCfg = Debug|Any CPU
		{E45653E4-7B3F-4BC5-B6E9-3AB2571D39F4}.Ad-Hoc|iPhone.Build.0 = Debug|Any CPU
		{E45653E4-7B3F-4BC5-B6E9-3AB2571D39F4}.Ad-Hoc|iPhoneSimulator.ActiveCfg = Debug|Any CPU
		{E45653E4-7B3F-4BC5-B6E9-3AB2571D39F4}.Ad-Hoc|iPhoneSimulator.Build.0 = Debug|Any CPU
		{E45653E4-7B3F-4BC5-B6E9-3AB2571D39F4}.Ad-Hoc|x64.ActiveCfg = Debug|Any CPU
		{E45653E4-7B3F-4BC5-B6E9-3AB2571D39F4}.Ad-Hoc|x64.Build.0 = Debug|Any CPU
		{E45653E4-7B3F-4BC5-B6E9-3AB2571D39F4}.Ad-Hoc|x86.ActiveCfg = Debug|Any CPU
		{E45653E4-7B3F-4BC5-B6E9-3AB2571D39F4}.Ad-Hoc|x86.Build.0 = Debug|Any CPU
		{E45653E4-7B3F-4BC5-B6E9-3AB2571D39F4}.AppStore|Any CPU.ActiveCfg = Debug|Any CPU
		{E45653E4-7B3F-4BC5-B6E9-3AB2571D39F4}.AppStore|Any CPU.Build.0 = Debug|Any CPU
		{E45653E4-7B3F-4BC5-B6E9-3AB2571D39F4}.AppStore|ARM.ActiveCfg = Debug|Any CPU
		{E45653E4-7B3F-4BC5-B6E9-3AB2571D39F4}.AppStore|ARM.Build.0 = Debug|Any CPU
		{E45653E4-7B3F-4BC5-B6E9-3AB2571D39F4}.AppStore|iPhone.ActiveCfg = Debug|Any CPU
		{E45653E4-7B3F-4BC5-B6E9-3AB2571D39F4}.AppStore|iPhone.Build.0 = Debug|Any CPU
		{E45653E4-7B3F-4BC5-B6E9-3AB2571D39F4}.AppStore|iPhoneSimulator.ActiveCfg = Debug|Any CPU
		{E45653E4-7B3F-4BC5-B6E9-3AB2571D39F4}.AppStore|iPhoneSimulator.Build.0 = Debug|Any CPU
		{E45653E4-7B3F-4BC5-B6E9-3AB2571D39F4}.AppStore|x64.ActiveCfg = Debug|Any CPU
		{E45653E4-7B3F-4BC5-B6E9-3AB2571D39F4}.AppStore|x64.Build.0 = Debug|Any CPU
		{E45653E4-7B3F-4BC5-B6E9-3AB2571D39F4}.AppStore|x86.ActiveCfg = Debug|Any CPU
		{E45653E4-7B3F-4BC5-B6E9-3AB2571D39F4}.AppStore|x86.Build.0 = Debug|Any CPU
		{E45653E4-7B3F-4BC5-B6E9-3AB2571D39F4}.Debug|Any CPU.ActiveCfg = Debug|Any CPU
		{E45653E4-7B3F-4BC5-B6E9-3AB2571D39F4}.Debug|Any CPU.Build.0 = Debug|Any CPU
		{E45653E4-7B3F-4BC5-B6E9-3AB2571D39F4}.Debug|ARM.ActiveCfg = Debug|Any CPU
		{E45653E4-7B3F-4BC5-B6E9-3AB2571D39F4}.Debug|ARM.Build.0 = Debug|Any CPU
		{E45653E4-7B3F-4BC5-B6E9-3AB2571D39F4}.Debug|iPhone.ActiveCfg = Debug|Any CPU
		{E45653E4-7B3F-4BC5-B6E9-3AB2571D39F4}.Debug|iPhone.Build.0 = Debug|Any CPU
		{E45653E4-7B3F-4BC5-B6E9-3AB2571D39F4}.Debug|iPhoneSimulator.ActiveCfg = Debug|Any CPU
		{E45653E4-7B3F-4BC5-B6E9-3AB2571D39F4}.Debug|iPhoneSimulator.Build.0 = Debug|Any CPU
		{E45653E4-7B3F-4BC5-B6E9-3AB2571D39F4}.Debug|x64.ActiveCfg = Debug|Any CPU
		{E45653E4-7B3F-4BC5-B6E9-3AB2571D39F4}.Debug|x64.Build.0 = Debug|Any CPU
		{E45653E4-7B3F-4BC5-B6E9-3AB2571D39F4}.Debug|x86.ActiveCfg = Debug|Any CPU
		{E45653E4-7B3F-4BC5-B6E9-3AB2571D39F4}.Debug|x86.Build.0 = Debug|Any CPU
		{E45653E4-7B3F-4BC5-B6E9-3AB2571D39F4}.Release|Any CPU.ActiveCfg = Release|Any CPU
		{E45653E4-7B3F-4BC5-B6E9-3AB2571D39F4}.Release|Any CPU.Build.0 = Release|Any CPU
		{E45653E4-7B3F-4BC5-B6E9-3AB2571D39F4}.Release|ARM.ActiveCfg = Release|Any CPU
		{E45653E4-7B3F-4BC5-B6E9-3AB2571D39F4}.Release|ARM.Build.0 = Release|Any CPU
		{E45653E4-7B3F-4BC5-B6E9-3AB2571D39F4}.Release|iPhone.ActiveCfg = Release|Any CPU
		{E45653E4-7B3F-4BC5-B6E9-3AB2571D39F4}.Release|iPhone.Build.0 = Release|Any CPU
		{E45653E4-7B3F-4BC5-B6E9-3AB2571D39F4}.Release|iPhoneSimulator.ActiveCfg = Release|Any CPU
		{E45653E4-7B3F-4BC5-B6E9-3AB2571D39F4}.Release|iPhoneSimulator.Build.0 = Release|Any CPU
		{E45653E4-7B3F-4BC5-B6E9-3AB2571D39F4}.Release|x64.ActiveCfg = Release|Any CPU
		{E45653E4-7B3F-4BC5-B6E9-3AB2571D39F4}.Release|x64.Build.0 = Release|Any CPU
		{E45653E4-7B3F-4BC5-B6E9-3AB2571D39F4}.Release|x86.ActiveCfg = Release|Any CPU
		{E45653E4-7B3F-4BC5-B6E9-3AB2571D39F4}.Release|x86.Build.0 = Release|Any CPU
		{C176908E-88D2-4EB1-91F7-8C6205F31B63}.Ad-Hoc|Any CPU.ActiveCfg = Release|Any CPU
		{C176908E-88D2-4EB1-91F7-8C6205F31B63}.Ad-Hoc|Any CPU.Build.0 = Release|Any CPU
		{C176908E-88D2-4EB1-91F7-8C6205F31B63}.Ad-Hoc|Any CPU.Deploy.0 = Release|Any CPU
		{C176908E-88D2-4EB1-91F7-8C6205F31B63}.Ad-Hoc|ARM.ActiveCfg = Release|Any CPU
		{C176908E-88D2-4EB1-91F7-8C6205F31B63}.Ad-Hoc|ARM.Build.0 = Release|Any CPU
		{C176908E-88D2-4EB1-91F7-8C6205F31B63}.Ad-Hoc|ARM.Deploy.0 = Release|Any CPU
		{C176908E-88D2-4EB1-91F7-8C6205F31B63}.Ad-Hoc|iPhone.ActiveCfg = Release|Any CPU
		{C176908E-88D2-4EB1-91F7-8C6205F31B63}.Ad-Hoc|iPhone.Build.0 = Release|Any CPU
		{C176908E-88D2-4EB1-91F7-8C6205F31B63}.Ad-Hoc|iPhone.Deploy.0 = Release|Any CPU
		{C176908E-88D2-4EB1-91F7-8C6205F31B63}.Ad-Hoc|iPhoneSimulator.ActiveCfg = Release|Any CPU
		{C176908E-88D2-4EB1-91F7-8C6205F31B63}.Ad-Hoc|iPhoneSimulator.Build.0 = Release|Any CPU
		{C176908E-88D2-4EB1-91F7-8C6205F31B63}.Ad-Hoc|iPhoneSimulator.Deploy.0 = Release|Any CPU
		{C176908E-88D2-4EB1-91F7-8C6205F31B63}.Ad-Hoc|x64.ActiveCfg = Release|Any CPU
		{C176908E-88D2-4EB1-91F7-8C6205F31B63}.Ad-Hoc|x64.Build.0 = Release|Any CPU
		{C176908E-88D2-4EB1-91F7-8C6205F31B63}.Ad-Hoc|x64.Deploy.0 = Release|Any CPU
		{C176908E-88D2-4EB1-91F7-8C6205F31B63}.Ad-Hoc|x86.ActiveCfg = Release|Any CPU
		{C176908E-88D2-4EB1-91F7-8C6205F31B63}.Ad-Hoc|x86.Build.0 = Release|Any CPU
		{C176908E-88D2-4EB1-91F7-8C6205F31B63}.Ad-Hoc|x86.Deploy.0 = Release|Any CPU
		{C176908E-88D2-4EB1-91F7-8C6205F31B63}.AppStore|Any CPU.ActiveCfg = Release|Any CPU
		{C176908E-88D2-4EB1-91F7-8C6205F31B63}.AppStore|Any CPU.Build.0 = Release|Any CPU
		{C176908E-88D2-4EB1-91F7-8C6205F31B63}.AppStore|Any CPU.Deploy.0 = Release|Any CPU
		{C176908E-88D2-4EB1-91F7-8C6205F31B63}.AppStore|ARM.ActiveCfg = Release|Any CPU
		{C176908E-88D2-4EB1-91F7-8C6205F31B63}.AppStore|ARM.Build.0 = Release|Any CPU
		{C176908E-88D2-4EB1-91F7-8C6205F31B63}.AppStore|ARM.Deploy.0 = Release|Any CPU
		{C176908E-88D2-4EB1-91F7-8C6205F31B63}.AppStore|iPhone.ActiveCfg = Release|Any CPU
		{C176908E-88D2-4EB1-91F7-8C6205F31B63}.AppStore|iPhone.Build.0 = Release|Any CPU
		{C176908E-88D2-4EB1-91F7-8C6205F31B63}.AppStore|iPhone.Deploy.0 = Release|Any CPU
		{C176908E-88D2-4EB1-91F7-8C6205F31B63}.AppStore|iPhoneSimulator.ActiveCfg = Release|Any CPU
		{C176908E-88D2-4EB1-91F7-8C6205F31B63}.AppStore|iPhoneSimulator.Build.0 = Release|Any CPU
		{C176908E-88D2-4EB1-91F7-8C6205F31B63}.AppStore|iPhoneSimulator.Deploy.0 = Release|Any CPU
		{C176908E-88D2-4EB1-91F7-8C6205F31B63}.AppStore|x64.ActiveCfg = Release|Any CPU
		{C176908E-88D2-4EB1-91F7-8C6205F31B63}.AppStore|x64.Build.0 = Release|Any CPU
		{C176908E-88D2-4EB1-91F7-8C6205F31B63}.AppStore|x64.Deploy.0 = Release|Any CPU
		{C176908E-88D2-4EB1-91F7-8C6205F31B63}.AppStore|x86.ActiveCfg = Release|Any CPU
		{C176908E-88D2-4EB1-91F7-8C6205F31B63}.AppStore|x86.Build.0 = Release|Any CPU
		{C176908E-88D2-4EB1-91F7-8C6205F31B63}.AppStore|x86.Deploy.0 = Release|Any CPU
		{C176908E-88D2-4EB1-91F7-8C6205F31B63}.Debug|Any CPU.ActiveCfg = Debug|Any CPU
		{C176908E-88D2-4EB1-91F7-8C6205F31B63}.Debug|Any CPU.Build.0 = Debug|Any CPU
		{C176908E-88D2-4EB1-91F7-8C6205F31B63}.Debug|Any CPU.Deploy.0 = Debug|Any CPU
		{C176908E-88D2-4EB1-91F7-8C6205F31B63}.Debug|ARM.ActiveCfg = Debug|Any CPU
		{C176908E-88D2-4EB1-91F7-8C6205F31B63}.Debug|ARM.Build.0 = Debug|Any CPU
		{C176908E-88D2-4EB1-91F7-8C6205F31B63}.Debug|ARM.Deploy.0 = Debug|Any CPU
		{C176908E-88D2-4EB1-91F7-8C6205F31B63}.Debug|iPhone.ActiveCfg = Debug|Any CPU
		{C176908E-88D2-4EB1-91F7-8C6205F31B63}.Debug|iPhone.Build.0 = Debug|Any CPU
		{C176908E-88D2-4EB1-91F7-8C6205F31B63}.Debug|iPhone.Deploy.0 = Debug|Any CPU
		{C176908E-88D2-4EB1-91F7-8C6205F31B63}.Debug|iPhoneSimulator.ActiveCfg = Debug|Any CPU
		{C176908E-88D2-4EB1-91F7-8C6205F31B63}.Debug|iPhoneSimulator.Build.0 = Debug|Any CPU
		{C176908E-88D2-4EB1-91F7-8C6205F31B63}.Debug|iPhoneSimulator.Deploy.0 = Debug|Any CPU
		{C176908E-88D2-4EB1-91F7-8C6205F31B63}.Debug|x64.ActiveCfg = Debug|Any CPU
		{C176908E-88D2-4EB1-91F7-8C6205F31B63}.Debug|x64.Build.0 = Debug|Any CPU
		{C176908E-88D2-4EB1-91F7-8C6205F31B63}.Debug|x64.Deploy.0 = Debug|Any CPU
		{C176908E-88D2-4EB1-91F7-8C6205F31B63}.Debug|x86.ActiveCfg = Debug|Any CPU
		{C176908E-88D2-4EB1-91F7-8C6205F31B63}.Debug|x86.Build.0 = Debug|Any CPU
		{C176908E-88D2-4EB1-91F7-8C6205F31B63}.Debug|x86.Deploy.0 = Debug|Any CPU
		{C176908E-88D2-4EB1-91F7-8C6205F31B63}.Release|Any CPU.ActiveCfg = Release|Any CPU
		{C176908E-88D2-4EB1-91F7-8C6205F31B63}.Release|Any CPU.Build.0 = Release|Any CPU
		{C176908E-88D2-4EB1-91F7-8C6205F31B63}.Release|Any CPU.Deploy.0 = Release|Any CPU
		{C176908E-88D2-4EB1-91F7-8C6205F31B63}.Release|ARM.ActiveCfg = Release|Any CPU
		{C176908E-88D2-4EB1-91F7-8C6205F31B63}.Release|ARM.Build.0 = Release|Any CPU
		{C176908E-88D2-4EB1-91F7-8C6205F31B63}.Release|ARM.Deploy.0 = Release|Any CPU
		{C176908E-88D2-4EB1-91F7-8C6205F31B63}.Release|iPhone.ActiveCfg = Release|Any CPU
		{C176908E-88D2-4EB1-91F7-8C6205F31B63}.Release|iPhone.Build.0 = Release|Any CPU
		{C176908E-88D2-4EB1-91F7-8C6205F31B63}.Release|iPhone.Deploy.0 = Release|Any CPU
		{C176908E-88D2-4EB1-91F7-8C6205F31B63}.Release|iPhoneSimulator.ActiveCfg = Release|Any CPU
		{C176908E-88D2-4EB1-91F7-8C6205F31B63}.Release|iPhoneSimulator.Build.0 = Release|Any CPU
		{C176908E-88D2-4EB1-91F7-8C6205F31B63}.Release|iPhoneSimulator.Deploy.0 = Release|Any CPU
		{C176908E-88D2-4EB1-91F7-8C6205F31B63}.Release|x64.ActiveCfg = Release|Any CPU
		{C176908E-88D2-4EB1-91F7-8C6205F31B63}.Release|x64.Build.0 = Release|Any CPU
		{C176908E-88D2-4EB1-91F7-8C6205F31B63}.Release|x64.Deploy.0 = Release|Any CPU
		{C176908E-88D2-4EB1-91F7-8C6205F31B63}.Release|x86.ActiveCfg = Release|Any CPU
		{C176908E-88D2-4EB1-91F7-8C6205F31B63}.Release|x86.Build.0 = Release|Any CPU
		{C176908E-88D2-4EB1-91F7-8C6205F31B63}.Release|x86.Deploy.0 = Release|Any CPU
		{183B0789-E939-4FB4-9D91-BE302DBA035F}.Ad-Hoc|Any CPU.ActiveCfg = Ad-Hoc|iPhone
		{183B0789-E939-4FB4-9D91-BE302DBA035F}.Ad-Hoc|ARM.ActiveCfg = Ad-Hoc|iPhone
		{183B0789-E939-4FB4-9D91-BE302DBA035F}.Ad-Hoc|iPhone.ActiveCfg = Ad-Hoc|iPhone
		{183B0789-E939-4FB4-9D91-BE302DBA035F}.Ad-Hoc|iPhone.Build.0 = Ad-Hoc|iPhone
		{183B0789-E939-4FB4-9D91-BE302DBA035F}.Ad-Hoc|iPhoneSimulator.ActiveCfg = Ad-Hoc|iPhoneSimulator
		{183B0789-E939-4FB4-9D91-BE302DBA035F}.Ad-Hoc|iPhoneSimulator.Build.0 = Ad-Hoc|iPhoneSimulator
		{183B0789-E939-4FB4-9D91-BE302DBA035F}.Ad-Hoc|x64.ActiveCfg = Ad-Hoc|iPhone
		{183B0789-E939-4FB4-9D91-BE302DBA035F}.Ad-Hoc|x86.ActiveCfg = Ad-Hoc|iPhone
		{183B0789-E939-4FB4-9D91-BE302DBA035F}.AppStore|Any CPU.ActiveCfg = AppStore|iPhone
		{183B0789-E939-4FB4-9D91-BE302DBA035F}.AppStore|ARM.ActiveCfg = AppStore|iPhone
		{183B0789-E939-4FB4-9D91-BE302DBA035F}.AppStore|iPhone.ActiveCfg = AppStore|iPhone
		{183B0789-E939-4FB4-9D91-BE302DBA035F}.AppStore|iPhone.Build.0 = AppStore|iPhone
		{183B0789-E939-4FB4-9D91-BE302DBA035F}.AppStore|iPhoneSimulator.ActiveCfg = AppStore|iPhoneSimulator
		{183B0789-E939-4FB4-9D91-BE302DBA035F}.AppStore|iPhoneSimulator.Build.0 = AppStore|iPhoneSimulator
		{183B0789-E939-4FB4-9D91-BE302DBA035F}.AppStore|x64.ActiveCfg = AppStore|iPhone
		{183B0789-E939-4FB4-9D91-BE302DBA035F}.AppStore|x86.ActiveCfg = AppStore|iPhone
		{183B0789-E939-4FB4-9D91-BE302DBA035F}.Debug|Any CPU.ActiveCfg = Debug|iPhone
		{183B0789-E939-4FB4-9D91-BE302DBA035F}.Debug|ARM.ActiveCfg = Debug|iPhone
		{183B0789-E939-4FB4-9D91-BE302DBA035F}.Debug|iPhone.ActiveCfg = Debug|iPhone
		{183B0789-E939-4FB4-9D91-BE302DBA035F}.Debug|iPhone.Build.0 = Debug|iPhone
		{183B0789-E939-4FB4-9D91-BE302DBA035F}.Debug|iPhoneSimulator.ActiveCfg = Debug|iPhoneSimulator
		{183B0789-E939-4FB4-9D91-BE302DBA035F}.Debug|iPhoneSimulator.Build.0 = Debug|iPhoneSimulator
		{183B0789-E939-4FB4-9D91-BE302DBA035F}.Debug|x64.ActiveCfg = Debug|iPhone
		{183B0789-E939-4FB4-9D91-BE302DBA035F}.Debug|x86.ActiveCfg = Debug|iPhone
		{183B0789-E939-4FB4-9D91-BE302DBA035F}.Release|Any CPU.ActiveCfg = Release|iPhone
		{183B0789-E939-4FB4-9D91-BE302DBA035F}.Release|ARM.ActiveCfg = Release|iPhone
		{183B0789-E939-4FB4-9D91-BE302DBA035F}.Release|iPhone.ActiveCfg = Release|iPhone
		{183B0789-E939-4FB4-9D91-BE302DBA035F}.Release|iPhone.Build.0 = Release|iPhone
		{183B0789-E939-4FB4-9D91-BE302DBA035F}.Release|iPhoneSimulator.ActiveCfg = Release|iPhoneSimulator
		{183B0789-E939-4FB4-9D91-BE302DBA035F}.Release|iPhoneSimulator.Build.0 = Release|iPhoneSimulator
		{183B0789-E939-4FB4-9D91-BE302DBA035F}.Release|x64.ActiveCfg = Release|iPhone
		{183B0789-E939-4FB4-9D91-BE302DBA035F}.Release|x86.ActiveCfg = Release|iPhone
		{14E858DB-3522-4D6B-961E-DCDD34C20199}.Ad-Hoc|Any CPU.ActiveCfg = Release|x86
		{14E858DB-3522-4D6B-961E-DCDD34C20199}.Ad-Hoc|Any CPU.Build.0 = Release|x86
		{14E858DB-3522-4D6B-961E-DCDD34C20199}.Ad-Hoc|Any CPU.Deploy.0 = Release|x86
		{14E858DB-3522-4D6B-961E-DCDD34C20199}.Ad-Hoc|ARM.ActiveCfg = Release|ARM
		{14E858DB-3522-4D6B-961E-DCDD34C20199}.Ad-Hoc|ARM.Build.0 = Release|ARM
		{14E858DB-3522-4D6B-961E-DCDD34C20199}.Ad-Hoc|ARM.Deploy.0 = Release|ARM
		{14E858DB-3522-4D6B-961E-DCDD34C20199}.Ad-Hoc|iPhone.ActiveCfg = Release|x86
		{14E858DB-3522-4D6B-961E-DCDD34C20199}.Ad-Hoc|iPhone.Build.0 = Release|x86
		{14E858DB-3522-4D6B-961E-DCDD34C20199}.Ad-Hoc|iPhone.Deploy.0 = Release|x86
		{14E858DB-3522-4D6B-961E-DCDD34C20199}.Ad-Hoc|iPhoneSimulator.ActiveCfg = Release|x86
		{14E858DB-3522-4D6B-961E-DCDD34C20199}.Ad-Hoc|iPhoneSimulator.Build.0 = Release|x86
		{14E858DB-3522-4D6B-961E-DCDD34C20199}.Ad-Hoc|iPhoneSimulator.Deploy.0 = Release|x86
		{14E858DB-3522-4D6B-961E-DCDD34C20199}.Ad-Hoc|x64.ActiveCfg = Release|x64
		{14E858DB-3522-4D6B-961E-DCDD34C20199}.Ad-Hoc|x64.Build.0 = Release|x64
		{14E858DB-3522-4D6B-961E-DCDD34C20199}.Ad-Hoc|x64.Deploy.0 = Release|x64
		{14E858DB-3522-4D6B-961E-DCDD34C20199}.Ad-Hoc|x86.ActiveCfg = Release|x86
		{14E858DB-3522-4D6B-961E-DCDD34C20199}.Ad-Hoc|x86.Build.0 = Release|x86
		{14E858DB-3522-4D6B-961E-DCDD34C20199}.Ad-Hoc|x86.Deploy.0 = Release|x86
		{14E858DB-3522-4D6B-961E-DCDD34C20199}.AppStore|Any CPU.ActiveCfg = Release|x86
		{14E858DB-3522-4D6B-961E-DCDD34C20199}.AppStore|Any CPU.Build.0 = Release|x86
		{14E858DB-3522-4D6B-961E-DCDD34C20199}.AppStore|Any CPU.Deploy.0 = Release|x86
		{14E858DB-3522-4D6B-961E-DCDD34C20199}.AppStore|ARM.ActiveCfg = Release|ARM
		{14E858DB-3522-4D6B-961E-DCDD34C20199}.AppStore|ARM.Build.0 = Release|ARM
		{14E858DB-3522-4D6B-961E-DCDD34C20199}.AppStore|ARM.Deploy.0 = Release|ARM
		{14E858DB-3522-4D6B-961E-DCDD34C20199}.AppStore|iPhone.ActiveCfg = Release|x86
		{14E858DB-3522-4D6B-961E-DCDD34C20199}.AppStore|iPhone.Build.0 = Release|x86
		{14E858DB-3522-4D6B-961E-DCDD34C20199}.AppStore|iPhone.Deploy.0 = Release|x86
		{14E858DB-3522-4D6B-961E-DCDD34C20199}.AppStore|iPhoneSimulator.ActiveCfg = Release|x86
		{14E858DB-3522-4D6B-961E-DCDD34C20199}.AppStore|iPhoneSimulator.Build.0 = Release|x86
		{14E858DB-3522-4D6B-961E-DCDD34C20199}.AppStore|iPhoneSimulator.Deploy.0 = Release|x86
		{14E858DB-3522-4D6B-961E-DCDD34C20199}.AppStore|x64.ActiveCfg = Release|x64
		{14E858DB-3522-4D6B-961E-DCDD34C20199}.AppStore|x64.Build.0 = Release|x64
		{14E858DB-3522-4D6B-961E-DCDD34C20199}.AppStore|x64.Deploy.0 = Release|x64
		{14E858DB-3522-4D6B-961E-DCDD34C20199}.AppStore|x86.ActiveCfg = Release|x86
		{14E858DB-3522-4D6B-961E-DCDD34C20199}.AppStore|x86.Build.0 = Release|x86
		{14E858DB-3522-4D6B-961E-DCDD34C20199}.AppStore|x86.Deploy.0 = Release|x86
		{14E858DB-3522-4D6B-961E-DCDD34C20199}.Debug|Any CPU.ActiveCfg = Debug|x86
		{14E858DB-3522-4D6B-961E-DCDD34C20199}.Debug|ARM.ActiveCfg = Debug|ARM
		{14E858DB-3522-4D6B-961E-DCDD34C20199}.Debug|ARM.Build.0 = Debug|ARM
		{14E858DB-3522-4D6B-961E-DCDD34C20199}.Debug|ARM.Deploy.0 = Debug|ARM
		{14E858DB-3522-4D6B-961E-DCDD34C20199}.Debug|iPhone.ActiveCfg = Debug|x86
		{14E858DB-3522-4D6B-961E-DCDD34C20199}.Debug|iPhoneSimulator.ActiveCfg = Debug|x86
		{14E858DB-3522-4D6B-961E-DCDD34C20199}.Debug|x64.ActiveCfg = Debug|x64
		{14E858DB-3522-4D6B-961E-DCDD34C20199}.Debug|x64.Build.0 = Debug|x64
		{14E858DB-3522-4D6B-961E-DCDD34C20199}.Debug|x64.Deploy.0 = Debug|x64
		{14E858DB-3522-4D6B-961E-DCDD34C20199}.Debug|x86.ActiveCfg = Debug|x86
		{14E858DB-3522-4D6B-961E-DCDD34C20199}.Debug|x86.Build.0 = Debug|x86
		{14E858DB-3522-4D6B-961E-DCDD34C20199}.Debug|x86.Deploy.0 = Debug|x86
		{14E858DB-3522-4D6B-961E-DCDD34C20199}.Release|Any CPU.ActiveCfg = Release|x86
		{14E858DB-3522-4D6B-961E-DCDD34C20199}.Release|ARM.ActiveCfg = Release|ARM
		{14E858DB-3522-4D6B-961E-DCDD34C20199}.Release|ARM.Build.0 = Release|ARM
		{14E858DB-3522-4D6B-961E-DCDD34C20199}.Release|ARM.Deploy.0 = Release|ARM
		{14E858DB-3522-4D6B-961E-DCDD34C20199}.Release|iPhone.ActiveCfg = Release|x86
		{14E858DB-3522-4D6B-961E-DCDD34C20199}.Release|iPhoneSimulator.ActiveCfg = Release|x86
		{14E858DB-3522-4D6B-961E-DCDD34C20199}.Release|x64.ActiveCfg = Release|x64
		{14E858DB-3522-4D6B-961E-DCDD34C20199}.Release|x64.Build.0 = Release|x64
		{14E858DB-3522-4D6B-961E-DCDD34C20199}.Release|x64.Deploy.0 = Release|x64
		{14E858DB-3522-4D6B-961E-DCDD34C20199}.Release|x86.ActiveCfg = Release|x86
		{14E858DB-3522-4D6B-961E-DCDD34C20199}.Release|x86.Build.0 = Release|x86
		{14E858DB-3522-4D6B-961E-DCDD34C20199}.Release|x86.Deploy.0 = Release|x86
	EndGlobalSection
	GlobalSection(SolutionProperties) = preSolution
		HideSolutionNode = FALSE
	EndGlobalSection
	GlobalSection(ExtensibilityGlobals) = postSolution
		SolutionGuid = {F916C156-5DA5-4306-9919-40DD1E27B08B}
	EndGlobalSection
EndGlobal
